
Microsoft Visual Studio Solution File, Format Version 12.00
# Visual Studio Version 17
VisualStudioVersion = 17.9.34407.89
MinimumVisualStudioVersion = 10.0.40219.1
Project("{8BC9CEB8-8B4A-11D0-8D11-00A0C91BC942}") = "Project1", "Project1\Project1.vcxproj", "{22967F8C-D07B-4045-AE10-EEA3C951BE6C}"
EndProject
Global
	GlobalSection(SolutionConfigurationPlatforms) = preSolution
		Debug|x64 = Debug|x64
		Debug|x86 = Debug|x86
		Release|x64 = Release|x64
		Release|x86 = Release|x86
	EndGlobalSection
	GlobalSection(ProjectConfigurationPlatforms) = postSolution
		{22967F8C-D07B-4045-AE10-EEA3C951BE6C}.Debug|x64.ActiveCfg = Debug|x64
		{22967F8C-D07B-4045-AE10-EEA3C951BE6C}.Debug|x64.Build.0 = Debug|x64
		{22967F8C-D07B-4045-AE10-EEA3C951BE6C}.Debug|x86.ActiveCfg = Debug|Win32
		{22967F8C-D07B-4045-AE10-EEA3C951BE6C}.Debug|x86.Build.0 = Debug|Win32
		{22967F8C-D07B-4045-AE10-EEA3C951BE6C}.Release|x64.ActiveCfg = Release|x64
		{22967F8C-D07B-4045-AE10-EEA3C951BE6C}.Release|x64.Build.0 = Release|x64
		{22967F8C-D07B-4045-AE10-EEA3C951BE6C}.Release|x86.ActiveCfg = Release|Win32
		{22967F8C-D07B-4045-AE10-EEA3C951BE6C}.Release|x86.Build.0 = Release|Win32
	EndGlobalSection
	GlobalSection(SolutionProperties) = preSolution
		HideSolutionNode = FALSE
	EndGlobalSection
	GlobalSection(ExtensibilityGlobals) = postSolution
		SolutionGuid = {713C0E15-208F-4566-8FF7-3A1175C2FFD9}
	EndGlobalSection
EndGlobal
