
Microsoft Visual Studio Solution File, Format Version 12.00
# Visual Studio Version 17
VisualStudioVersion = 17.10.34707.107
MinimumVisualStudioVersion = 10.0.40219.1
Project("{FAE04EC0-301F-11D3-BF4B-00C04F79EFBC}") = "laba_05", "laba_05\laba_05.csproj", "{7C5C264E-2C38-4633-8099-9BB2A59B05A6}"
EndProject
Global
	GlobalSection(SolutionConfigurationPlatforms) = preSolution
		Debug|Any CPU = Debug|Any CPU
		Release|Any CPU = Release|Any CPU
	EndGlobalSection
	GlobalSection(ProjectConfigurationPlatforms) = postSolution
		{7C5C264E-2C38-4633-8099-9BB2A59B05A6}.Debug|Any CPU.ActiveCfg = Debug|Any CPU
		{7C5C264E-2C38-4633-8099-9BB2A59B05A6}.Debug|Any CPU.Build.0 = Debug|Any CPU
		{7C5C264E-2C38-4633-8099-9BB2A59B05A6}.Release|Any CPU.ActiveCfg = Release|Any CPU
		{7C5C264E-2C38-4633-8099-9BB2A59B05A6}.Release|Any CPU.Build.0 = Release|Any CPU
	EndGlobalSection
	GlobalSection(SolutionProperties) = preSolution
		HideSolutionNode = FALSE
	EndGlobalSection
	GlobalSection(ExtensibilityGlobals) = postSolution
		SolutionGuid = {1A424B1B-31A6-43E5-88AD-723F8CC2FA54}
	EndGlobalSection
EndGlobal
